
Microsoft Visual Studio Solution File, Format Version 12.00
# Visual Studio 15
VisualStudioVersion = 15.0.28010.2050
MinimumVisualStudioVersion = 10.0.40219.1
Project("{FAE04EC0-301F-11D3-BF4B-00C04F79EFBC}") = "Compiler", "Compiler\Compiler.csproj", "{24D67A2F-CECF-4473-BF6E-AF3F9804CB1E}"
EndProject
Global
	GlobalSection(SolutionConfigurationPlatforms) = preSolution
		Debug|Any CPU = Debug|Any CPU
		Release|Any CPU = Release|Any CPU
	EndGlobalSection
	GlobalSection(ProjectConfigurationPlatforms) = postSolution
		{24D67A2F-CECF-4473-BF6E-AF3F9804CB1E}.Debug|Any CPU.ActiveCfg = Debug|Any CPU
		{24D67A2F-CECF-4473-BF6E-AF3F9804CB1E}.Debug|Any CPU.Build.0 = Debug|Any CPU
		{24D67A2F-CECF-4473-BF6E-AF3F9804CB1E}.Release|Any CPU.ActiveCfg = Release|Any CPU
		{24D67A2F-CECF-4473-BF6E-AF3F9804CB1E}.Release|Any CPU.Build.0 = Release|Any CPU
	EndGlobalSection
	GlobalSection(SolutionProperties) = preSolution
		HideSolutionNode = FALSE
	EndGlobalSection
	GlobalSection(ExtensibilityGlobals) = postSolution
		SolutionGuid = {B1BA1F7F-9361-41B7-A1D4-3801C0B6D239}
	EndGlobalSection
EndGlobal
