
Microsoft Visual Studio Solution File, Format Version 12.00
# Visual Studio 15
VisualStudioVersion = 15.0.27703.2000
MinimumVisualStudioVersion = 10.0.40219.1
Project("{FAE04EC0-301F-11D3-BF4B-00C04F79EFBC}") = "xylang", "xylang\xylang.csproj", "{9AF3F5B5-B5E3-4001-8272-5E46608D6611}"
EndProject
Global
	GlobalSection(SolutionConfigurationPlatforms) = preSolution
		Debug|Any CPU = Debug|Any CPU
		Release|Any CPU = Release|Any CPU
	EndGlobalSection
	GlobalSection(ProjectConfigurationPlatforms) = postSolution
		{9AF3F5B5-B5E3-4001-8272-5E46608D6611}.Debug|Any CPU.ActiveCfg = Debug|Any CPU
		{9AF3F5B5-B5E3-4001-8272-5E46608D6611}.Debug|Any CPU.Build.0 = Debug|Any CPU
		{9AF3F5B5-B5E3-4001-8272-5E46608D6611}.Release|Any CPU.ActiveCfg = Release|Any CPU
		{9AF3F5B5-B5E3-4001-8272-5E46608D6611}.Release|Any CPU.Build.0 = Release|Any CPU
	EndGlobalSection
	GlobalSection(SolutionProperties) = preSolution
		HideSolutionNode = FALSE
	EndGlobalSection
	GlobalSection(ExtensibilityGlobals) = postSolution
		SolutionGuid = {F0F88633-45C8-4E25-9B83-06C52ABF540E}
	EndGlobalSection
EndGlobal
