
Microsoft Visual Studio Solution File, Format Version 12.00
# Visual Studio 15
VisualStudioVersion = 15.0.27130.2026
MinimumVisualStudioVersion = 10.0.40219.1
Project("{FAE04EC0-301F-11D3-BF4B-00C04F79EFBC}") = "coral", "coral\coral.csproj", "{E5A2CE4E-FF1B-43B9-BA2A-2156FB2C9744}"
EndProject
Global
	GlobalSection(SolutionConfigurationPlatforms) = preSolution
		Debug|Any CPU = Debug|Any CPU
		Release|Any CPU = Release|Any CPU
	EndGlobalSection
	GlobalSection(ProjectConfigurationPlatforms) = postSolution
		{E5A2CE4E-FF1B-43B9-BA2A-2156FB2C9744}.Debug|Any CPU.ActiveCfg = Debug|Any CPU
		{E5A2CE4E-FF1B-43B9-BA2A-2156FB2C9744}.Debug|Any CPU.Build.0 = Debug|Any CPU
		{E5A2CE4E-FF1B-43B9-BA2A-2156FB2C9744}.Release|Any CPU.ActiveCfg = Release|Any CPU
		{E5A2CE4E-FF1B-43B9-BA2A-2156FB2C9744}.Release|Any CPU.Build.0 = Release|Any CPU
	EndGlobalSection
	GlobalSection(SolutionProperties) = preSolution
		HideSolutionNode = FALSE
	EndGlobalSection
	GlobalSection(ExtensibilityGlobals) = postSolution
		SolutionGuid = {D52F86AB-97B3-4ED4-B383-74820F237651}
	EndGlobalSection
EndGlobal
